# This file is automatically @generated by Cargo.
# It is not intended for manual editing.
version = 3

[[package]]
name = "anyhow"
version = "1.0.67"
source = "registry+https://github.com/rust-lang/crates.io-index"
checksum = "7724808837b77f4b4de9d283820f9d98bcf496d5692934b857a2399d31ff22e6"

[[package]]
name = "aoc18"
version = "0.1.0"
dependencies = [
 "anyhow",
]
